// !$*UTF8*$!
{
	archiveVersion = 1;
	classes = {
	};
	objectVersion = 56;
	objects = {

/* Begin PBXBuildFile section */
		9628EBC02C6DDF9900AD8EF9 /* OpenAIService.swift in Sources */ = {isa = PBXBuildFile; fileRef = 9628EBBF2C6DDF9900AD8EF9 /* OpenAIService.swift */; };
		9628EBC82C6E2AD300AD8EF9 /* Secrets.swift in Sources */ = {isa = PBXBuildFile; fileRef = 9628EBC72C6E2AD200AD8EF9 /* Secrets.swift */; };
		96405F052C6F861200455839 /* RequestModels.swift in Sources */ = {isa = PBXBuildFile; fileRef = 96405F042C6F861200455839 /* RequestModels.swift */; };
		96405F072C6F890E00455839 /* ResponseModels.swift in Sources */ = {isa = PBXBuildFile; fileRef = 96405F062C6F890E00455839 /* ResponseModels.swift */; };
		96A9FDE82C74405D00861699 /* Macro.swift in Sources */ = {isa = PBXBuildFile; fileRef = 96A9FDE72C74405D00861699 /* Macro.swift */; };
		96A9FDEA2C74438600861699 /* AddMacroView.swift in Sources */ = {isa = PBXBuildFile; fileRef = 96A9FDE92C74438600861699 /* AddMacroView.swift */; };
		96A9FDEE2C744F2D00861699 /* MacroDayView.swift in Sources */ = {isa = PBXBuildFile; fileRef = 96A9FDED2C744F2D00861699 /* MacroDayView.swift */; };
		96A9FDF02C7452FA00861699 /* Date+Ext.swift in Sources */ = {isa = PBXBuildFile; fileRef = 96A9FDEF2C7452FA00861699 /* Date+Ext.swift */; };
		96EF02AC2C6CC06400A27E3E /* MacroTrackerApp.swift in Sources */ = {isa = PBXBuildFile; fileRef = 96EF02AB2C6CC06400A27E3E /* MacroTrackerApp.swift */; };
		96EF02B22C6CC06500A27E3E /* Assets.xcassets in Resources */ = {isa = PBXBuildFile; fileRef = 96EF02B12C6CC06500A27E3E /* Assets.xcassets */; };
		96EF02B52C6CC06500A27E3E /* Preview Assets.xcassets in Resources */ = {isa = PBXBuildFile; fileRef = 96EF02B42C6CC06500A27E3E /* Preview Assets.xcassets */; };
		96EF02BC2C6CC09200A27E3E /* MacroView.swift in Sources */ = {isa = PBXBuildFile; fileRef = 96EF02BB2C6CC09200A27E3E /* MacroView.swift */; };
		96EF02BE2C6CC59700A27E3E /* MacroHeaderView.swift in Sources */ = {isa = PBXBuildFile; fileRef = 96EF02BD2C6CC59700A27E3E /* MacroHeaderView.swift */; };
/* End PBXBuildFile section */

/* Begin PBXFileReference section */
		9628EBBF2C6DDF9900AD8EF9 /* OpenAIService.swift */ = {isa = PBXFileReference; lastKnownFileType = sourcecode.swift; path = OpenAIService.swift; sourceTree = "<group>"; };
		9628EBC72C6E2AD200AD8EF9 /* Secrets.swift */ = {isa = PBXFileReference; lastKnownFileType = sourcecode.swift; path = Secrets.swift; sourceTree = "<group>"; };
		96405F042C6F861200455839 /* RequestModels.swift */ = {isa = PBXFileReference; lastKnownFileType = sourcecode.swift; path = RequestModels.swift; sourceTree = "<group>"; };
		96405F062C6F890E00455839 /* ResponseModels.swift */ = {isa = PBXFileReference; lastKnownFileType = sourcecode.swift; path = ResponseModels.swift; sourceTree = "<group>"; };
		96A9FDE72C74405D00861699 /* Macro.swift */ = {isa = PBXFileReference; lastKnownFileType = sourcecode.swift; path = Macro.swift; sourceTree = "<group>"; };
		96A9FDE92C74438600861699 /* AddMacroView.swift */ = {isa = PBXFileReference; lastKnownFileType = sourcecode.swift; path = AddMacroView.swift; sourceTree = "<group>"; };
		96A9FDED2C744F2D00861699 /* MacroDayView.swift */ = {isa = PBXFileReference; lastKnownFileType = sourcecode.swift; path = MacroDayView.swift; sourceTree = "<group>"; };
		96A9FDEF2C7452FA00861699 /* Date+Ext.swift */ = {isa = PBXFileReference; lastKnownFileType = sourcecode.swift; path = "Date+Ext.swift"; sourceTree = "<group>"; };
		96EF02A82C6CC06400A27E3E /* MacroTracker.app */ = {isa = PBXFileReference; explicitFileType = wrapper.application; includeInIndex = 0; path = MacroTracker.app; sourceTree = BUILT_PRODUCTS_DIR; };
		96EF02AB2C6CC06400A27E3E /* MacroTrackerApp.swift */ = {isa = PBXFileReference; lastKnownFileType = sourcecode.swift; path = MacroTrackerApp.swift; sourceTree = "<group>"; };
		96EF02B12C6CC06500A27E3E /* Assets.xcassets */ = {isa = PBXFileReference; lastKnownFileType = folder.assetcatalog; path = Assets.xcassets; sourceTree = "<group>"; };
		96EF02B42C6CC06500A27E3E /* Preview Assets.xcassets */ = {isa = PBXFileReference; lastKnownFileType = folder.assetcatalog; path = "Preview Assets.xcassets"; sourceTree = "<group>"; };
		96EF02BB2C6CC09200A27E3E /* MacroView.swift */ = {isa = PBXFileReference; lastKnownFileType = sourcecode.swift; path = MacroView.swift; sourceTree = "<group>"; };
		96EF02BD2C6CC59700A27E3E /* MacroHeaderView.swift */ = {isa = PBXFileReference; lastKnownFileType = sourcecode.swift; path = MacroHeaderView.swift; sourceTree = "<group>"; };
/* End PBXFileReference section */

/* Begin PBXFrameworksBuildPhase section */
		96EF02A52C6CC06400A27E3E /* Frameworks */ = {
			isa = PBXFrameworksBuildPhase;
			buildActionMask = 2147483647;
			files = (
			);
			runOnlyForDeploymentPostprocessing = 0;
		};
/* End PBXFrameworksBuildPhase section */

/* Begin PBXGroup section */
		96A9FDEB2C74438900861699 /* Models */ = {
			isa = PBXGroup;
			children = (
				96405F042C6F861200455839 /* RequestModels.swift */,
				96A9FDE72C74405D00861699 /* Macro.swift */,
				96405F062C6F890E00455839 /* ResponseModels.swift */,
			);
			path = Models;
			sourceTree = "<group>";
		};
		96EF029F2C6CC06400A27E3E = {
			isa = PBXGroup;
			children = (
				96EF02AA2C6CC06400A27E3E /* MacroTracker */,
				96EF02A92C6CC06400A27E3E /* Products */,
			);
			sourceTree = "<group>";
		};
		96EF02A92C6CC06400A27E3E /* Products */ = {
			isa = PBXGroup;
			children = (
				96EF02A82C6CC06400A27E3E /* MacroTracker.app */,
			);
			name = Products;
			sourceTree = "<group>";
		};
		96EF02AA2C6CC06400A27E3E /* MacroTracker */ = {
			isa = PBXGroup;
			children = (
				96A9FDEB2C74438900861699 /* Models */,
				96EF02AB2C6CC06400A27E3E /* MacroTrackerApp.swift */,
				96EF02BB2C6CC09200A27E3E /* MacroView.swift */,
				96A9FDE92C74438600861699 /* AddMacroView.swift */,
				96A9FDEF2C7452FA00861699 /* Date+Ext.swift */,
				96EF02BD2C6CC59700A27E3E /* MacroHeaderView.swift */,
				96A9FDED2C744F2D00861699 /* MacroDayView.swift */,
				9628EBBF2C6DDF9900AD8EF9 /* OpenAIService.swift */,
				9628EBC72C6E2AD200AD8EF9 /* Secrets.swift */,
				96EF02B12C6CC06500A27E3E /* Assets.xcassets */,
				96EF02B32C6CC06500A27E3E /* Preview Content */,
			);
			path = MacroTracker;
			sourceTree = "<group>";
		};
		96EF02B32C6CC06500A27E3E /* Preview Content */ = {
			isa = PBXGroup;
			children = (
				96EF02B42C6CC06500A27E3E /* Preview Assets.xcassets */,
			);
			path = "Preview Content";
			sourceTree = "<group>";
		};
/* End PBXGroup section */

/* Begin PBXNativeTarget section */
		96EF02A72C6CC06400A27E3E /* MacroTracker */ = {
			isa = PBXNativeTarget;
			buildConfigurationList = 96EF02B82C6CC06500A27E3E /* Build configuration list for PBXNativeTarget "MacroTracker" */;
			buildPhases = (
				96EF02A42C6CC06400A27E3E /* Sources */,
				96EF02A52C6CC06400A27E3E /* Frameworks */,
				96EF02A62C6CC06400A27E3E /* Resources */,
			);
			buildRules = (
			);
			dependencies = (
			);
			name = MacroTracker;
			productName = MacroTracker;
			productReference = 96EF02A82C6CC06400A27E3E /* MacroTracker.app */;
			productType = "com.apple.product-type.application";
		};
/* End PBXNativeTarget section */

/* Begin PBXProject section */
		96EF02A02C6CC06400A27E3E /* Project object */ = {
			isa = PBXProject;
			attributes = {
				BuildIndependentTargetsInParallel = 1;
				LastSwiftUpdateCheck = 1540;
				LastUpgradeCheck = 1540;
				TargetAttributes = {
					96EF02A72C6CC06400A27E3E = {
						CreatedOnToolsVersion = 15.4;
					};
				};
			};
			buildConfigurationList = 96EF02A32C6CC06400A27E3E /* Build configuration list for PBXProject "MacroTracker" */;
			compatibilityVersion = "Xcode 14.0";
			developmentRegion = en;
			hasScannedForEncodings = 0;
			knownRegions = (
				en,
				Base,
			);
			mainGroup = 96EF029F2C6CC06400A27E3E;
			productRefGroup = 96EF02A92C6CC06400A27E3E /* Products */;
			projectDirPath = "";
			projectRoot = "";
			targets = (
				96EF02A72C6CC06400A27E3E /* MacroTracker */,
			);
		};
/* End PBXProject section */

/* Begin PBXResourcesBuildPhase section */
		96EF02A62C6CC06400A27E3E /* Resources */ = {
			isa = PBXResourcesBuildPhase;
			buildActionMask = 2147483647;
			files = (
				96EF02B52C6CC06500A27E3E /* Preview Assets.xcassets in Resources */,
				96EF02B22C6CC06500A27E3E /* Assets.xcassets in Resources */,
			);
			runOnlyForDeploymentPostprocessing = 0;
		};
/* End PBXResourcesBuildPhase section */

/* Begin PBXSourcesBuildPhase section */
		96EF02A42C6CC06400A27E3E /* Sources */ = {
			isa = PBXSourcesBuildPhase;
			buildActionMask = 2147483647;
			files = (
				9628EBC82C6E2AD300AD8EF9 /* Secrets.swift in Sources */,
				96405F072C6F890E00455839 /* ResponseModels.swift in Sources */,
				96EF02BC2C6CC09200A27E3E /* MacroView.swift in Sources */,
				9628EBC02C6DDF9900AD8EF9 /* OpenAIService.swift in Sources */,
				96EF02BE2C6CC59700A27E3E /* MacroHeaderView.swift in Sources */,
				96A9FDEA2C74438600861699 /* AddMacroView.swift in Sources */,
				96A9FDF02C7452FA00861699 /* Date+Ext.swift in Sources */,
				96A9FDEE2C744F2D00861699 /* MacroDayView.swift in Sources */,
				96EF02AC2C6CC06400A27E3E /* MacroTrackerApp.swift in Sources */,
				96A9FDE82C74405D00861699 /* Macro.swift in Sources */,
				96405F052C6F861200455839 /* RequestModels.swift in Sources */,
			);
			runOnlyForDeploymentPostprocessing = 0;
		};
/* End PBXSourcesBuildPhase section */

/* Begin XCBuildConfiguration section */
		96EF02B62C6CC06500A27E3E /* Debug */ = {
			isa = XCBuildConfiguration;
			buildSettings = {
				ALWAYS_SEARCH_USER_PATHS = NO;
				ASSETCATALOG_COMPILER_GENERATE_SWIFT_ASSET_SYMBOL_EXTENSIONS = YES;
				CLANG_ANALYZER_NONNULL = YES;
				CLANG_ANALYZER_NUMBER_OBJECT_CONVERSION = YES_AGGRESSIVE;
				CLANG_CXX_LANGUAGE_STANDARD = "gnu++20";
				CLANG_ENABLE_MODULES = YES;
				CLANG_ENABLE_OBJC_ARC = YES;
				CLANG_ENABLE_OBJC_WEAK = YES;
				CLANG_WARN_BLOCK_CAPTURE_AUTORELEASING = YES;
				CLANG_WARN_BOOL_CONVERSION = YES;
				CLANG_WARN_COMMA = YES;
				CLANG_WARN_CONSTANT_CONVERSION = YES;
				CLANG_WARN_DEPRECATED_OBJC_IMPLEMENTATIONS = YES;
				CLANG_WARN_DIRECT_OBJC_ISA_USAGE = YES_ERROR;
				CLANG_WARN_DOCUMENTATION_COMMENTS = YES;
				CLANG_WARN_EMPTY_BODY = YES;
				CLANG_WARN_ENUM_CONVERSION = YES;
				CLANG_WARN_INFINITE_RECURSION = YES;
				CLANG_WARN_INT_CONVERSION = YES;
				CLANG_WARN_NON_LITERAL_NULL_CONVERSION = YES;
				CLANG_WARN_OBJC_IMPLICIT_RETAIN_SELF = YES;
				CLANG_WARN_OBJC_LITERAL_CONVERSION = YES;
				CLANG_WARN_OBJC_ROOT_CLASS = YES_ERROR;
				CLANG_WARN_QUOTED_INCLUDE_IN_FRAMEWORK_HEADER = YES;
				CLANG_WARN_RANGE_LOOP_ANALYSIS = YES;
				CLANG_WARN_STRICT_PROTOTYPES = YES;
				CLANG_WARN_SUSPICIOUS_MOVE = YES;
				CLANG_WARN_UNGUARDED_AVAILABILITY = YES_AGGRESSIVE;
				CLANG_WARN_UNREACHABLE_CODE = YES;
				CLANG_WARN__DUPLICATE_METHOD_MATCH = YES;
				COPY_PHASE_STRIP = NO;
				DEBUG_INFORMATION_FORMAT = dwarf;
				ENABLE_STRICT_OBJC_MSGSEND = YES;
				ENABLE_TESTABILITY = YES;
				ENABLE_USER_SCRIPT_SANDBOXING = YES;
				GCC_C_LANGUAGE_STANDARD = gnu17;
				GCC_DYNAMIC_NO_PIC = NO;
				GCC_NO_COMMON_BLOCKS = YES;
				GCC_OPTIMIZATION_LEVEL = 0;
				GCC_PREPROCESSOR_DEFINITIONS = (
					"DEBUG=1",
					"$(inherited)",
				);
				GCC_WARN_64_TO_32_BIT_CONVERSION = YES;
				GCC_WARN_ABOUT_RETURN_TYPE = YES_ERROR;
				GCC_WARN_UNDECLARED_SELECTOR = YES;
				GCC_WARN_UNINITIALIZED_AUTOS = YES_AGGRESSIVE;
				GCC_WARN_UNUSED_FUNCTION = YES;
				GCC_WARN_UNUSED_VARIABLE = YES;
				IPHONEOS_DEPLOYMENT_TARGET = 17.5;
				LOCALIZATION_PREFERS_STRING_CATALOGS = YES;
				MTL_ENABLE_DEBUG_INFO = INCLUDE_SOURCE;
				MTL_FAST_MATH = YES;
				ONLY_ACTIVE_ARCH = YES;
				SDKROOT = iphoneos;
				SWIFT_ACTIVE_COMPILATION_CONDITIONS = "DEBUG $(inherited)";
				SWIFT_OPTIMIZATION_LEVEL = "-Onone";
			};
			name = Debug;
		};
		96EF02B72C6CC06500A27E3E /* Release */ = {
			isa = XCBuildConfiguration;
			buildSettings = {
				ALWAYS_SEARCH_USER_PATHS = NO;
				ASSETCATALOG_COMPILER_GENERATE_SWIFT_ASSET_SYMBOL_EXTENSIONS = YES;
				CLANG_ANALYZER_NONNULL = YES;
				CLANG_ANALYZER_NUMBER_OBJECT_CONVERSION = YES_AGGRESSIVE;
				CLANG_CXX_LANGUAGE_STANDARD = "gnu++20";
				CLANG_ENABLE_MODULES = YES;
				CLANG_ENABLE_OBJC_ARC = YES;
				CLANG_ENABLE_OBJC_WEAK = YES;
				CLANG_WARN_BLOCK_CAPTURE_AUTORELEASING = YES;
				CLANG_WARN_BOOL_CONVERSION = YES;
				CLANG_WARN_COMMA = YES;
				CLANG_WARN_CONSTANT_CONVERSION = YES;
				CLANG_WARN_DEPRECATED_OBJC_IMPLEMENTATIONS = YES;
				CLANG_WARN_DIRECT_OBJC_ISA_USAGE = YES_ERROR;
				CLANG_WARN_DOCUMENTATION_COMMENTS = YES;
				CLANG_WARN_EMPTY_BODY = YES;
				CLANG_WARN_ENUM_CONVERSION = YES;
				CLANG_WARN_INFINITE_RECURSION = YES;
				CLANG_WARN_INT_CONVERSION = YES;
				CLANG_WARN_NON_LITERAL_NULL_CONVERSION = YES;
				CLANG_WARN_OBJC_IMPLICIT_RETAIN_SELF = YES;
				CLANG_WARN_OBJC_LITERAL_CONVERSION = YES;
				CLANG_WARN_OBJC_ROOT_CLASS = YES_ERROR;
				CLANG_WARN_QUOTED_INCLUDE_IN_FRAMEWORK_HEADER = YES;
				CLANG_WARN_RANGE_LOOP_ANALYSIS = YES;
				CLANG_WARN_STRICT_PROTOTYPES = YES;
				CLANG_WARN_SUSPICIOUS_MOVE = YES;
				CLANG_WARN_UNGUARDED_AVAILABILITY = YES_AGGRESSIVE;
				CLANG_WARN_UNREACHABLE_CODE = YES;
				CLANG_WARN__DUPLICATE_METHOD_MATCH = YES;
				COPY_PHASE_STRIP = NO;
				DEBUG_INFORMATION_FORMAT = "dwarf-with-dsym";
				ENABLE_NS_ASSERTIONS = NO;
				ENABLE_STRICT_OBJC_MSGSEND = YES;
				ENABLE_USER_SCRIPT_SANDBOXING = YES;
				GCC_C_LANGUAGE_STANDARD = gnu17;
				GCC_NO_COMMON_BLOCKS = YES;
				GCC_WARN_64_TO_32_BIT_CONVERSION = YES;
				GCC_WARN_ABOUT_RETURN_TYPE = YES_ERROR;
				GCC_WARN_UNDECLARED_SELECTOR = YES;
				GCC_WARN_UNINITIALIZED_AUTOS = YES_AGGRESSIVE;
				GCC_WARN_UNUSED_FUNCTION = YES;
				GCC_WARN_UNUSED_VARIABLE = YES;
				IPHONEOS_DEPLOYMENT_TARGET = 17.5;
				LOCALIZATION_PREFERS_STRING_CATALOGS = YES;
				MTL_ENABLE_DEBUG_INFO = NO;
				MTL_FAST_MATH = YES;
				SDKROOT = iphoneos;
				SWIFT_COMPILATION_MODE = wholemodule;
				VALIDATE_PRODUCT = YES;
			};
			name = Release;
		};
		96EF02B92C6CC06500A27E3E /* Debug */ = {
			isa = XCBuildConfiguration;
			buildSettings = {
				ASSETCATALOG_COMPILER_APPICON_NAME = AppIcon;
				ASSETCATALOG_COMPILER_GLOBAL_ACCENT_COLOR_NAME = AccentColor;
				CODE_SIGN_STYLE = Automatic;
				CURRENT_PROJECT_VERSION = 1;
				DEVELOPMENT_ASSET_PATHS = "\"MacroTracker/Preview Content\"";
				DEVELOPMENT_TEAM = N348GACX8T;
				ENABLE_PREVIEWS = YES;
				GENERATE_INFOPLIST_FILE = YES;
				INFOPLIST_KEY_UIApplicationSceneManifest_Generation = YES;
				INFOPLIST_KEY_UIApplicationSupportsIndirectInputEvents = YES;
				INFOPLIST_KEY_UILaunchScreen_Generation = YES;
				INFOPLIST_KEY_UISupportedInterfaceOrientations_iPad = "UIInterfaceOrientationPortrait UIInterfaceOrientationPortraitUpsideDown UIInterfaceOrientationLandscapeLeft UIInterfaceOrientationLandscapeRight";
				INFOPLIST_KEY_UISupportedInterfaceOrientations_iPhone = "UIInterfaceOrientationPortrait UIInterfaceOrientationLandscapeLeft UIInterfaceOrientationLandscapeRight";
				LD_RUNPATH_SEARCH_PATHS = (
					"$(inherited)",
					"@executable_path/Frameworks",
				);
				MARKETING_VERSION = 1.0;
				PRODUCT_BUNDLE_IDENTIFIER = "Shivam-Rishi.MacroTracker";
				PRODUCT_NAME = "$(TARGET_NAME)";
				SWIFT_EMIT_LOC_STRINGS = YES;
				SWIFT_VERSION = 5.0;
				TARGETED_DEVICE_FAMILY = "1,2";
			};
			name = Debug;
		};
		96EF02BA2C6CC06500A27E3E /* Release */ = {
			isa = XCBuildConfiguration;
			buildSettings = {
				ASSETCATALOG_COMPILER_APPICON_NAME = AppIcon;
				ASSETCATALOG_COMPILER_GLOBAL_ACCENT_COLOR_NAME = AccentColor;
				CODE_SIGN_STYLE = Automatic;
				CURRENT_PROJECT_VERSION = 1;
				DEVELOPMENT_ASSET_PATHS = "\"MacroTracker/Preview Content\"";
				DEVELOPMENT_TEAM = N348GACX8T;
				ENABLE_PREVIEWS = YES;
				GENERATE_INFOPLIST_FILE = YES;
				INFOPLIST_KEY_UIApplicationSceneManifest_Generation = YES;
				INFOPLIST_KEY_UIApplicationSupportsIndirectInputEvents = YES;
				INFOPLIST_KEY_UILaunchScreen_Generation = YES;
				INFOPLIST_KEY_UISupportedInterfaceOrientations_iPad = "UIInterfaceOrientationPortrait UIInterfaceOrientationPortraitUpsideDown UIInterfaceOrientationLandscapeLeft UIInterfaceOrientationLandscapeRight";
				INFOPLIST_KEY_UISupportedInterfaceOrientations_iPhone = "UIInterfaceOrientationPortrait UIInterfaceOrientationLandscapeLeft UIInterfaceOrientationLandscapeRight";
				LD_RUNPATH_SEARCH_PATHS = (
					"$(inherited)",
					"@executable_path/Frameworks",
				);
				MARKETING_VERSION = 1.0;
				PRODUCT_BUNDLE_IDENTIFIER = "Shivam-Rishi.MacroTracker";
				PRODUCT_NAME = "$(TARGET_NAME)";
				SWIFT_EMIT_LOC_STRINGS = YES;
				SWIFT_VERSION = 5.0;
				TARGETED_DEVICE_FAMILY = "1,2";
			};
			name = Release;
		};
/* End XCBuildConfiguration section */

/* Begin XCConfigurationList section */
		96EF02A32C6CC06400A27E3E /* Build configuration list for PBXProject "MacroTracker" */ = {
			isa = XCConfigurationList;
			buildConfigurations = (
				96EF02B62C6CC06500A27E3E /* Debug */,
				96EF02B72C6CC06500A27E3E /* Release */,
			);
			defaultConfigurationIsVisible = 0;
			defaultConfigurationName = Release;
		};
		96EF02B82C6CC06500A27E3E /* Build configuration list for PBXNativeTarget "MacroTracker" */ = {
			isa = XCConfigurationList;
			buildConfigurations = (
				96EF02B92C6CC06500A27E3E /* Debug */,
				96EF02BA2C6CC06500A27E3E /* Release */,
			);
			defaultConfigurationIsVisible = 0;
			defaultConfigurationName = Release;
		};
/* End XCConfigurationList section */
	};
	rootObject = 96EF02A02C6CC06400A27E3E /* Project object */;
}
